
Microsoft Visual Studio Solution File, Format Version 12.00
# Visual Studio Version 17
VisualStudioVersion = 17.9.34902.65
MinimumVisualStudioVersion = 10.0.40219.1
Project("{FAE04EC0-301F-11D3-BF4B-00C04F79EFBC}") = "TVShowsAPI", "TVShowsAPI\TVShowsAPI.csproj", "{BD684605-169C-4E8B-8E51-79A1E25B982A}"
EndProject
Global
	GlobalSection(SolutionConfigurationPlatforms) = preSolution
		Debug|Any CPU = Debug|Any CPU
		Release|Any CPU = Release|Any CPU
	EndGlobalSection
	GlobalSection(ProjectConfigurationPlatforms) = postSolution
		{BD684605-169C-4E8B-8E51-79A1E25B982A}.Debug|Any CPU.ActiveCfg = Debug|Any CPU
		{BD684605-169C-4E8B-8E51-79A1E25B982A}.Debug|Any CPU.Build.0 = Debug|Any CPU
		{BD684605-169C-4E8B-8E51-79A1E25B982A}.Release|Any CPU.ActiveCfg = Release|Any CPU
		{BD684605-169C-4E8B-8E51-79A1E25B982A}.Release|Any CPU.Build.0 = Release|Any CPU
	EndGlobalSection
	GlobalSection(SolutionProperties) = preSolution
		HideSolutionNode = FALSE
	EndGlobalSection
	GlobalSection(ExtensibilityGlobals) = postSolution
		SolutionGuid = {07D87EBE-250B-4BE9-BF60-7AAEEFA1123F}
	EndGlobalSection
EndGlobal
